{
  "name": "love-note",
  "version": "1.0.0",
  "lockfileVersion": 1,
  "requires": true,
  "dependencies": {
    "lottie-miniprogram": {
      "version": "1.0.7",
      "resolved": "https://registry.npmjs.org/lottie-miniprogram/-/lottie-miniprogram-1.0.7.tgz",
      "integrity": "sha512-mAbrKYc4IUe/5TqI/biFVa0xHuj/TVRY+ijxOQATwTzM6qJelrM5m0WQyXzzLtSuQcUlhDXZWAEsZxDCsqTBAQ=="
    },
    "miniprogram-api-typings": {
      "version": "2.11.0",
      "resolved": "https://registry.npmjs.org/miniprogram-api-typings/-/miniprogram-api-typings-2.11.0.tgz",
      "integrity": "sha512-W+V267Ys4YqyMpLrAmpYCOzDlDAjd3Hhy7UKOAoztoyS/hDZgNQ1OhM2/pGnqVyLmz78U3oqxGx8Z+/SMrMZaQ==",
      "dev": true
    },
    "typescript": {
      "version": "3.9.5",
      "resolved": "https://registry.npmjs.org/typescript/-/typescript-3.9.5.tgz",
      "integrity": "sha512-hSAifV3k+i6lEoCJ2k6R2Z/rp/H3+8sdmcn5NrS3/3kE7+RyZXm9aqvxWqjEXHAd8b0pShatpcdMTvEdvAJltQ==",
      "dev": true
    }
  }
}
